PODS:
  - Alamofire (5.5.0)
  - SDWebImage (5.12.4):
    - SDWebImage/Core (= 5.12.4)
  - SDWebImage/Core (5.12.4)

DEPENDENCIES:
  - Alamofire
  - SDWebImage

SPEC REPOS:
  trunk:
    - Alamofire
    - SDWebImage

SPEC CHECKSUMS:
  Alamofire: 1c4fb5369c3fe93d2857c780d8bbe09f06f97e7c
  SDWebImage: 631cf572cc93dfdfe54162e556410a61f1141928

PODFILE CHECKSUM: 30d9a91f34ab01557eb1ce28428511466284a53f

COCOAPODS: 1.11.2
